
Microsoft Visual Studio Solution File, Format Version 12.00
# Visual Studio Version 16
VisualStudioVersion = 16.0.31424.327
MinimumVisualStudioVersion = 10.0.40219.1
Project("{9A19103F-16F7-4668-BE54-9A1E7A4F7556}") = "EmployeeManagement.Models", "EmployeeManagement.Models\EmployeeManagement.Models.csproj", "{E3F6E511-2AEE-4C2D-AD7F-A3E11C95D5D1}"
EndProject
Project("{9A19103F-16F7-4668-BE54-9A1E7A4F7556}") = "EmployeeManagement.Web", "EmployeeManagement.Web\EmployeeManagement.Web.csproj", "{4730AC6B-BE38-4765-8675-77513834455D}"
EndProject
Project("{9A19103F-16F7-4668-BE54-9A1E7A4F7556}") = "EmployeeManagement.Api", "EmployeeManagement.Api\EmployeeManagement.Api.csproj", "{6B0CDBAA-9833-4076-96AE-B4D1CCD76610}"
EndProject
Global
	GlobalSection(SolutionConfigurationPlatforms) = preSolution
		Debug|Any CPU = Debug|Any CPU
		Release|Any CPU = Release|Any CPU
	EndGlobalSection
	GlobalSection(ProjectConfigurationPlatforms) = postSolution
		{E3F6E511-2AEE-4C2D-AD7F-A3E11C95D5D1}.Debug|Any CPU.ActiveCfg = Debug|Any CPU
		{E3F6E511-2AEE-4C2D-AD7F-A3E11C95D5D1}.Debug|Any CPU.Build.0 = Debug|Any CPU
		{E3F6E511-2AEE-4C2D-AD7F-A3E11C95D5D1}.Release|Any CPU.ActiveCfg = Release|Any CPU
		{E3F6E511-2AEE-4C2D-AD7F-A3E11C95D5D1}.Release|Any CPU.Build.0 = Release|Any CPU
		{4730AC6B-BE38-4765-8675-77513834455D}.Debug|Any CPU.ActiveCfg = Debug|Any CPU
		{4730AC6B-BE38-4765-8675-77513834455D}.Debug|Any CPU.Build.0 = Debug|Any CPU
		{4730AC6B-BE38-4765-8675-77513834455D}.Release|Any CPU.ActiveCfg = Release|Any CPU
		{4730AC6B-BE38-4765-8675-77513834455D}.Release|Any CPU.Build.0 = Release|Any CPU
		{6B0CDBAA-9833-4076-96AE-B4D1CCD76610}.Debug|Any CPU.ActiveCfg = Debug|Any CPU
		{6B0CDBAA-9833-4076-96AE-B4D1CCD76610}.Debug|Any CPU.Build.0 = Debug|Any CPU
		{6B0CDBAA-9833-4076-96AE-B4D1CCD76610}.Release|Any CPU.ActiveCfg = Release|Any CPU
		{6B0CDBAA-9833-4076-96AE-B4D1CCD76610}.Release|Any CPU.Build.0 = Release|Any CPU
	EndGlobalSection
	GlobalSection(SolutionProperties) = preSolution
		HideSolutionNode = FALSE
	EndGlobalSection
	GlobalSection(ExtensibilityGlobals) = postSolution
		SolutionGuid = {11B77CA9-62ED-4488-978B-FBFBFA969869}
	EndGlobalSection
EndGlobal
